// !$*UTF8*$!
{
	archiveVersion = 1;
	classes = {
	};
	objectVersion = 55;
	objects = {

/* Begin PBXBuildFile section */
		05318785284D226200A3306C /* DestinationType.swift in Sources */ = {isa = PBXBuildFile; fileRef = 05318784284D226200A3306C /* DestinationType.swift */; };
		05318788284D229200A3306C /* DataDirectoryType.swift in Sources */ = {isa = PBXBuildFile; fileRef = 05318787284D229200A3306C /* DataDirectoryType.swift */; };
		0531878D284D24AE00A3306C /* GeneralPageViewModel.swift in Sources */ = {isa = PBXBuildFile; fileRef = 0531878C284D24AE00A3306C /* GeneralPageViewModel.swift */; };
		054241C02801A9BB0074E525 /* RootPageView.swift in Sources */ = {isa = PBXBuildFile; fileRef = 054241BF2801A9BB0074E525 /* RootPageView.swift */; };
		0555F92D281F082500151989 /* info.plist in Resources */ = {isa = PBXBuildFile; fileRef = 0555F92C281F082500151989 /* info.plist */; };
		0555F92F282003D200151989 /* DiskManager.swift in Sources */ = {isa = PBXBuildFile; fileRef = 0555F92E282003D200151989 /* DiskManager.swift */; };
		056BC66D2836C76400EB0A84 /* DiagramKit in Frameworks */ = {isa = PBXBuildFile; productRef = 056BC66C2836C76400EB0A84 /* DiagramKit */; };
		056FA7F62801B7250045802A /* CategoryView.swift in Sources */ = {isa = PBXBuildFile; fileRef = 056FA7F52801B7250045802A /* CategoryView.swift */; };
		0576FE072800707200478783 /* CliXApp.swift in Sources */ = {isa = PBXBuildFile; fileRef = 0576FE062800707200478783 /* CliXApp.swift */; };
		0576FE092800707200478783 /* ContentView.swift in Sources */ = {isa = PBXBuildFile; fileRef = 0576FE082800707200478783 /* ContentView.swift */; };
		0576FE0B2800707300478783 /* Assets.xcassets in Resources */ = {isa = PBXBuildFile; fileRef = 0576FE0A2800707300478783 /* Assets.xcassets */; };
		0576FE0E2800707300478783 /* Preview Assets.xcassets in Resources */ = {isa = PBXBuildFile; fileRef = 0576FE0D2800707300478783 /* Preview Assets.xcassets */; };
		05AA2843280C8D7600F08429 /* DirectoryManager.swift in Sources */ = {isa = PBXBuildFile; fileRef = 05AA2842280C8D7600F08429 /* DirectoryManager.swift */; };
		F4177DD3287216B600C18B32 /* README.md in Resources */ = {isa = PBXBuildFile; fileRef = F4177DD2287216B600C18B32 /* README.md */; };
		F4177DDA2872189A00C18B32 /* AppIcon.png in Resources */ = {isa = PBXBuildFile; fileRef = F4177DD92872189A00C18B32 /* AppIcon.png */; };
		F4177DDC2872349300C18B32 /* DEMO.gif in Resources */ = {isa = PBXBuildFile; fileRef = F4177DDB2872349300C18B32 /* DEMO.gif */; };
		F439AEA42ABBA0DC001FD69B /* GeneralPageViewController.swift in Sources */ = {isa = PBXBuildFile; fileRef = F439AEA32ABBA0DC001FD69B /* GeneralPageViewController.swift */; };
		F439AEA82ABBA509001FD69B /* StatisticView.swift in Sources */ = {isa = PBXBuildFile; fileRef = F439AEA72ABBA509001FD69B /* StatisticView.swift */; };
		F441E46C2AC6CDB400F30740 /* UnitsOfMemory.swift in Sources */ = {isa = PBXBuildFile; fileRef = F441E46B2AC6CDB400F30740 /* UnitsOfMemory.swift */; };
		F441E46E2AC6CDD300F30740 /* DirectoryForScan.swift in Sources */ = {isa = PBXBuildFile; fileRef = F441E46D2AC6CDD300F30740 /* DirectoryForScan.swift */; };
		F441E4702AC6CDE100F30740 /* ScanedSpace.swift in Sources */ = {isa = PBXBuildFile; fileRef = F441E46F2AC6CDE100F30740 /* ScanedSpace.swift */; };
		F441E4722AC6CDF600F30740 /* SpaceSize.swift in Sources */ = {isa = PBXBuildFile; fileRef = F441E4712AC6CDF600F30740 /* SpaceSize.swift */; };
		F441E4762AC6CE3A00F30740 /* Date+extension.swift in Sources */ = {isa = PBXBuildFile; fileRef = F441E4752AC6CE3A00F30740 /* Date+extension.swift */; };
		F441E4782AC6D39900F30740 /* CategoryDetailSheet.swift in Sources */ = {isa = PBXBuildFile; fileRef = F441E4772AC6D39900F30740 /* CategoryDetailSheet.swift */; };
		F4CB3B0B2AC4CB580048CA65 /* SkeletonUI in Frameworks */ = {isa = PBXBuildFile; productRef = F4CB3B0A2AC4CB580048CA65 /* SkeletonUI */; };
/* End PBXBuildFile section */

/* Begin PBXFileReference section */
		05318784284D226200A3306C /* DestinationType.swift */ = {isa = PBXFileReference; lastKnownFileType = sourcecode.swift; path = DestinationType.swift; sourceTree = "<group>"; };
		05318787284D229200A3306C /* DataDirectoryType.swift */ = {isa = PBXFileReference; lastKnownFileType = sourcecode.swift; path = DataDirectoryType.swift; sourceTree = "<group>"; };
		0531878C284D24AE00A3306C /* GeneralPageViewModel.swift */ = {isa = PBXFileReference; lastKnownFileType = sourcecode.swift; path = GeneralPageViewModel.swift; sourceTree = "<group>"; };
		054241BF2801A9BB0074E525 /* RootPageView.swift */ = {isa = PBXFileReference; lastKnownFileType = sourcecode.swift; path = RootPageView.swift; sourceTree = "<group>"; };
		0555F92C281F082500151989 /* info.plist */ = {isa = PBXFileReference; lastKnownFileType = text.plist.xml; path = info.plist; sourceTree = "<group>"; };
		0555F92E282003D200151989 /* DiskManager.swift */ = {isa = PBXFileReference; lastKnownFileType = sourcecode.swift; path = DiskManager.swift; sourceTree = "<group>"; };
		056FA7F52801B7250045802A /* CategoryView.swift */ = {isa = PBXFileReference; lastKnownFileType = sourcecode.swift; path = CategoryView.swift; sourceTree = "<group>"; };
		0576FE032800707200478783 /* CliX.app */ = {isa = PBXFileReference; explicitFileType = wrapper.application; includeInIndex = 0; path = CliX.app; sourceTree = BUILT_PRODUCTS_DIR; };
		0576FE062800707200478783 /* CliXApp.swift */ = {isa = PBXFileReference; lastKnownFileType = sourcecode.swift; path = CliXApp.swift; sourceTree = "<group>"; };
		0576FE082800707200478783 /* ContentView.swift */ = {isa = PBXFileReference; lastKnownFileType = sourcecode.swift; path = ContentView.swift; sourceTree = "<group>"; };
		0576FE0A2800707300478783 /* Assets.xcassets */ = {isa = PBXFileReference; lastKnownFileType = folder.assetcatalog; path = Assets.xcassets; sourceTree = "<group>"; };
		0576FE0D2800707300478783 /* Preview Assets.xcassets */ = {isa = PBXFileReference; lastKnownFileType = folder.assetcatalog; path = "Preview Assets.xcassets"; sourceTree = "<group>"; };
		0576FE0F2800707300478783 /* CliX.entitlements */ = {isa = PBXFileReference; lastKnownFileType = text.plist.entitlements; path = CliX.entitlements; sourceTree = "<group>"; };
		05AA2842280C8D7600F08429 /* DirectoryManager.swift */ = {isa = PBXFileReference; lastKnownFileType = sourcecode.swift; path = DirectoryManager.swift; sourceTree = "<group>"; };
		F4177DD2287216B600C18B32 /* README.md */ = {isa = PBXFileReference; fileEncoding = 4; lastKnownFileType = net.daringfireball.markdown; path = README.md; sourceTree = "<group>"; };
		F4177DD7287217DC00C18B32 /* LICENSE.md */ = {isa = PBXFileReference; lastKnownFileType = net.daringfireball.markdown; path = LICENSE.md; sourceTree = "<group>"; };
		F4177DD92872189A00C18B32 /* AppIcon.png */ = {isa = PBXFileReference; lastKnownFileType = image.png; path = AppIcon.png; sourceTree = "<group>"; };
		F4177DDB2872349300C18B32 /* DEMO.gif */ = {isa = PBXFileReference; lastKnownFileType = image.gif; path = DEMO.gif; sourceTree = "<group>"; };
		F439AEA32ABBA0DC001FD69B /* GeneralPageViewController.swift */ = {isa = PBXFileReference; lastKnownFileType = sourcecode.swift; path = GeneralPageViewController.swift; sourceTree = "<group>"; };
		F439AEA72ABBA509001FD69B /* StatisticView.swift */ = {isa = PBXFileReference; lastKnownFileType = sourcecode.swift; path = StatisticView.swift; sourceTree = "<group>"; };
		F441E46B2AC6CDB400F30740 /* UnitsOfMemory.swift */ = {isa = PBXFileReference; lastKnownFileType = sourcecode.swift; path = UnitsOfMemory.swift; sourceTree = "<group>"; };
		F441E46D2AC6CDD300F30740 /* DirectoryForScan.swift */ = {isa = PBXFileReference; lastKnownFileType = sourcecode.swift; path = DirectoryForScan.swift; sourceTree = "<group>"; };
		F441E46F2AC6CDE100F30740 /* ScanedSpace.swift */ = {isa = PBXFileReference; lastKnownFileType = sourcecode.swift; path = ScanedSpace.swift; sourceTree = "<group>"; };
		F441E4712AC6CDF600F30740 /* SpaceSize.swift */ = {isa = PBXFileReference; lastKnownFileType = sourcecode.swift; path = SpaceSize.swift; sourceTree = "<group>"; };
		F441E4752AC6CE3A00F30740 /* Date+extension.swift */ = {isa = PBXFileReference; lastKnownFileType = sourcecode.swift; path = "Date+extension.swift"; sourceTree = "<group>"; };
		F441E4772AC6D39900F30740 /* CategoryDetailSheet.swift */ = {isa = PBXFileReference; lastKnownFileType = sourcecode.swift; path = CategoryDetailSheet.swift; sourceTree = "<group>"; };
/* End PBXFileReference section */

/* Begin PBXFrameworksBuildPhase section */
		0576FE002800707200478783 /* Frameworks */ = {
			isa = PBXFrameworksBuildPhase;
			buildActionMask = 2147483647;
			files = (
				056BC66D2836C76400EB0A84 /* DiagramKit in Frameworks */,
				F4CB3B0B2AC4CB580048CA65 /* SkeletonUI in Frameworks */,
			);
			runOnlyForDeploymentPostprocessing = 0;
		};
/* End PBXFrameworksBuildPhase section */

/* Begin PBXGroup section */
		0531877A284D1F8800A3306C /* View */ = {
			isa = PBXGroup;
			children = (
				F439AEA72ABBA509001FD69B /* StatisticView.swift */,
				056FA7F52801B7250045802A /* CategoryView.swift */,
				F441E4772AC6D39900F30740 /* CategoryDetailSheet.swift */,
			);
			path = View;
			sourceTree = "<group>";
		};
		05318786284D227A00A3306C /* Enum */ = {
			isa = PBXGroup;
			children = (
				05318784284D226200A3306C /* DestinationType.swift */,
				05318787284D229200A3306C /* DataDirectoryType.swift */,
				F441E46B2AC6CDB400F30740 /* UnitsOfMemory.swift */,
			);
			path = Enum;
			sourceTree = "<group>";
		};
		05318789284D23FE00A3306C /* GenralPage */ = {
			isa = PBXGroup;
			children = (
				F441E4732AC6CE0400F30740 /* Model */,
				0531878C284D24AE00A3306C /* GeneralPageViewModel.swift */,
				F439AEA32ABBA0DC001FD69B /* GeneralPageViewController.swift */,
			);
			path = GenralPage;
			sourceTree = "<group>";
		};
		0576FDFA2800707200478783 = {
			isa = PBXGroup;
			children = (
				F4177DD82872186D00C18B32 /* Media */,
				F4177DD7287217DC00C18B32 /* LICENSE.md */,
				F4177DD2287216B600C18B32 /* README.md */,
				0576FE052800707200478783 /* CliX */,
				0576FE042800707200478783 /* Products */,
			);
			sourceTree = "<group>";
		};
		0576FE042800707200478783 /* Products */ = {
			isa = PBXGroup;
			children = (
				0576FE032800707200478783 /* CliX.app */,
			);
			name = Products;
			sourceTree = "<group>";
		};
		0576FE052800707200478783 /* CliX */ = {
			isa = PBXGroup;
			children = (
				F441E4742AC6CE2E00F30740 /* Ext */,
				05318789284D23FE00A3306C /* GenralPage */,
				05318786284D227A00A3306C /* Enum */,
				0531877A284D1F8800A3306C /* View */,
				05AA2841280C8D6200F08429 /* Manager */,
				0576FE062800707200478783 /* CliXApp.swift */,
				054241BF2801A9BB0074E525 /* RootPageView.swift */,
				0576FE082800707200478783 /* ContentView.swift */,
				0576FE0A2800707300478783 /* Assets.xcassets */,
				0576FE0F2800707300478783 /* CliX.entitlements */,
				0576FE0C2800707300478783 /* Preview Content */,
				0555F92C281F082500151989 /* info.plist */,
			);
			path = CliX;
			sourceTree = "<group>";
		};
		0576FE0C2800707300478783 /* Preview Content */ = {
			isa = PBXGroup;
			children = (
				0576FE0D2800707300478783 /* Preview Assets.xcassets */,
			);
			path = "Preview Content";
			sourceTree = "<group>";
		};
		05AA2841280C8D6200F08429 /* Manager */ = {
			isa = PBXGroup;
			children = (
				05AA2842280C8D7600F08429 /* DirectoryManager.swift */,
				0555F92E282003D200151989 /* DiskManager.swift */,
			);
			path = Manager;
			sourceTree = "<group>";
		};
		F4177DD82872186D00C18B32 /* Media */ = {
			isa = PBXGroup;
			children = (
				F4177DDB2872349300C18B32 /* DEMO.gif */,
				F4177DD92872189A00C18B32 /* AppIcon.png */,
			);
			path = Media;
			sourceTree = "<group>";
		};
		F441E4732AC6CE0400F30740 /* Model */ = {
			isa = PBXGroup;
			children = (
				F441E46D2AC6CDD300F30740 /* DirectoryForScan.swift */,
				F441E46F2AC6CDE100F30740 /* ScanedSpace.swift */,
				F441E4712AC6CDF600F30740 /* SpaceSize.swift */,
			);
			path = Model;
			sourceTree = "<group>";
		};
		F441E4742AC6CE2E00F30740 /* Ext */ = {
			isa = PBXGroup;
			children = (
				F441E4752AC6CE3A00F30740 /* Date+extension.swift */,
			);
			path = Ext;
			sourceTree = "<group>";
		};
/* End PBXGroup section */

/* Begin PBXNativeTarget section */
		0576FE022800707200478783 /* CliX */ = {
			isa = PBXNativeTarget;
			buildConfigurationList = 0576FE122800707300478783 /* Build configuration list for PBXNativeTarget "CliX" */;
			buildPhases = (
				0576FDFF2800707200478783 /* Sources */,
				0576FE002800707200478783 /* Frameworks */,
				0576FE012800707200478783 /* Resources */,
			);
			buildRules = (
			);
			dependencies = (
			);
			name = CliX;
			packageProductDependencies = (
				056BC66C2836C76400EB0A84 /* DiagramKit */,
				F4CB3B0A2AC4CB580048CA65 /* SkeletonUI */,
			);
			productName = CliX;
			productReference = 0576FE032800707200478783 /* CliX.app */;
			productType = "com.apple.product-type.application";
		};
/* End PBXNativeTarget section */

/* Begin PBXProject section */
		0576FDFB2800707200478783 /* Project object */ = {
			isa = PBXProject;
			attributes = {
				BuildIndependentTargetsInParallel = 1;
				LastSwiftUpdateCheck = 1330;
				LastUpgradeCheck = 1330;
				TargetAttributes = {
					0576FE022800707200478783 = {
						CreatedOnToolsVersion = 13.3;
					};
				};
			};
			buildConfigurationList = 0576FDFE2800707200478783 /* Build configuration list for PBXProject "CliX" */;
			compatibilityVersion = "Xcode 13.0";
			developmentRegion = en;
			hasScannedForEncodings = 0;
			knownRegions = (
				en,
				Base,
			);
			mainGroup = 0576FDFA2800707200478783;
			packageReferences = (
				056BC66B2836C76400EB0A84 /* XCRemoteSwiftPackageReference "DiagramKit" */,
				F4CB3B092AC4CB580048CA65 /* XCRemoteSwiftPackageReference "SkeletonUI" */,
			);
			productRefGroup = 0576FE042800707200478783 /* Products */;
			projectDirPath = "";
			projectRoot = "";
			targets = (
				0576FE022800707200478783 /* CliX */,
			);
		};
/* End PBXProject section */

/* Begin PBXResourcesBuildPhase section */
		0576FE012800707200478783 /* Resources */ = {
			isa = PBXResourcesBuildPhase;
			buildActionMask = 2147483647;
			files = (
				F4177DDA2872189A00C18B32 /* AppIcon.png in Resources */,
				0576FE0E2800707300478783 /* Preview Assets.xcassets in Resources */,
				F4177DD3287216B600C18B32 /* README.md in Resources */,
				0576FE0B2800707300478783 /* Assets.xcassets in Resources */,
				0555F92D281F082500151989 /* info.plist in Resources */,
				F4177DDC2872349300C18B32 /* DEMO.gif in Resources */,
			);
			runOnlyForDeploymentPostprocessing = 0;
		};
/* End PBXResourcesBuildPhase section */

/* Begin PBXSourcesBuildPhase section */
		0576FDFF2800707200478783 /* Sources */ = {
			isa = PBXSourcesBuildPhase;
			buildActionMask = 2147483647;
			files = (
				0531878D284D24AE00A3306C /* GeneralPageViewModel.swift in Sources */,
				05318788284D229200A3306C /* DataDirectoryType.swift in Sources */,
				F441E4722AC6CDF600F30740 /* SpaceSize.swift in Sources */,
				F441E4762AC6CE3A00F30740 /* Date+extension.swift in Sources */,
				F439AEA42ABBA0DC001FD69B /* GeneralPageViewController.swift in Sources */,
				0576FE092800707200478783 /* ContentView.swift in Sources */,
				054241C02801A9BB0074E525 /* RootPageView.swift in Sources */,
				05318785284D226200A3306C /* DestinationType.swift in Sources */,
				056FA7F62801B7250045802A /* CategoryView.swift in Sources */,
				F441E4702AC6CDE100F30740 /* ScanedSpace.swift in Sources */,
				F441E46E2AC6CDD300F30740 /* DirectoryForScan.swift in Sources */,
				F439AEA82ABBA509001FD69B /* StatisticView.swift in Sources */,
				0576FE072800707200478783 /* CliXApp.swift in Sources */,
				0555F92F282003D200151989 /* DiskManager.swift in Sources */,
				05AA2843280C8D7600F08429 /* DirectoryManager.swift in Sources */,
				F441E46C2AC6CDB400F30740 /* UnitsOfMemory.swift in Sources */,
				F441E4782AC6D39900F30740 /* CategoryDetailSheet.swift in Sources */,
			);
			runOnlyForDeploymentPostprocessing = 0;
		};
/* End PBXSourcesBuildPhase section */

/* Begin XCBuildConfiguration section */
		0576FE102800707300478783 /* Debug */ = {
			isa = XCBuildConfiguration;
			buildSettings = {
				ALWAYS_SEARCH_USER_PATHS = NO;
				CLANG_ANALYZER_NONNULL = YES;
				CLANG_ANALYZER_NUMBER_OBJECT_CONVERSION = YES_AGGRESSIVE;
				CLANG_CXX_LANGUAGE_STANDARD = "gnu++17";
				CLANG_ENABLE_MODULES = YES;
				CLANG_ENABLE_OBJC_ARC = YES;
				CLANG_ENABLE_OBJC_WEAK = YES;
				CLANG_WARN_BLOCK_CAPTURE_AUTORELEASING = YES;
				CLANG_WARN_BOOL_CONVERSION = YES;
				CLANG_WARN_COMMA = YES;
				CLANG_WARN_CONSTANT_CONVERSION = YES;
				CLANG_WARN_DEPRECATED_OBJC_IMPLEMENTATIONS = YES;
				CLANG_WARN_DIRECT_OBJC_ISA_USAGE = YES_ERROR;
				CLANG_WARN_DOCUMENTATION_COMMENTS = YES;
				CLANG_WARN_EMPTY_BODY = YES;
				CLANG_WARN_ENUM_CONVERSION = YES;
				CLANG_WARN_INFINITE_RECURSION = YES;
				CLANG_WARN_INT_CONVERSION = YES;
				CLANG_WARN_NON_LITERAL_NULL_CONVERSION = YES;
				CLANG_WARN_OBJC_IMPLICIT_RETAIN_SELF = YES;
				CLANG_WARN_OBJC_LITERAL_CONVERSION = YES;
				CLANG_WARN_OBJC_ROOT_CLASS = YES_ERROR;
				CLANG_WARN_QUOTED_INCLUDE_IN_FRAMEWORK_HEADER = YES;
				CLANG_WARN_RANGE_LOOP_ANALYSIS = YES;
				CLANG_WARN_STRICT_PROTOTYPES = YES;
				CLANG_WARN_SUSPICIOUS_MOVE = YES;
				CLANG_WARN_UNGUARDED_AVAILABILITY = YES_AGGRESSIVE;
				CLANG_WARN_UNREACHABLE_CODE = YES;
				CLANG_WARN__DUPLICATE_METHOD_MATCH = YES;
				COPY_PHASE_STRIP = NO;
				DEBUG_INFORMATION_FORMAT = dwarf;
				ENABLE_STRICT_OBJC_MSGSEND = YES;
				ENABLE_TESTABILITY = YES;
				GCC_C_LANGUAGE_STANDARD = gnu11;
				GCC_DYNAMIC_NO_PIC = NO;
				GCC_NO_COMMON_BLOCKS = YES;
				GCC_OPTIMIZATION_LEVEL = 0;
				GCC_PREPROCESSOR_DEFINITIONS = (
					"DEBUG=1",
					"$(inherited)",
				);
				GCC_WARN_64_TO_32_BIT_CONVERSION = YES;
				GCC_WARN_ABOUT_RETURN_TYPE = YES_ERROR;
				GCC_WARN_UNDECLARED_SELECTOR = YES;
				GCC_WARN_UNINITIALIZED_AUTOS = YES_AGGRESSIVE;
				GCC_WARN_UNUSED_FUNCTION = YES;
				GCC_WARN_UNUSED_VARIABLE = YES;
				MACOSX_DEPLOYMENT_TARGET = 12.0;
				MTL_ENABLE_DEBUG_INFO = INCLUDE_SOURCE;
				MTL_FAST_MATH = YES;
				ONLY_ACTIVE_ARCH = YES;
				SDKROOT = macosx;
				SWIFT_ACTIVE_COMPILATION_CONDITIONS = DEBUG;
				SWIFT_OPTIMIZATION_LEVEL = "-Onone";
			};
			name = Debug;
		};
		0576FE112800707300478783 /* Release */ = {
			isa = XCBuildConfiguration;
			buildSettings = {
				ALWAYS_SEARCH_USER_PATHS = NO;
				CLANG_ANALYZER_NONNULL = YES;
				CLANG_ANALYZER_NUMBER_OBJECT_CONVERSION = YES_AGGRESSIVE;
				CLANG_CXX_LANGUAGE_STANDARD = "gnu++17";
				CLANG_ENABLE_MODULES = YES;
				CLANG_ENABLE_OBJC_ARC = YES;
				CLANG_ENABLE_OBJC_WEAK = YES;
				CLANG_WARN_BLOCK_CAPTURE_AUTORELEASING = YES;
				CLANG_WARN_BOOL_CONVERSION = YES;
				CLANG_WARN_COMMA = YES;
				CLANG_WARN_CONSTANT_CONVERSION = YES;
				CLANG_WARN_DEPRECATED_OBJC_IMPLEMENTATIONS = YES;
				CLANG_WARN_DIRECT_OBJC_ISA_USAGE = YES_ERROR;
				CLANG_WARN_DOCUMENTATION_COMMENTS = YES;
				CLANG_WARN_EMPTY_BODY = YES;
				CLANG_WARN_ENUM_CONVERSION = YES;
				CLANG_WARN_INFINITE_RECURSION = YES;
				CLANG_WARN_INT_CONVERSION = YES;
				CLANG_WARN_NON_LITERAL_NULL_CONVERSION = YES;
				CLANG_WARN_OBJC_IMPLICIT_RETAIN_SELF = YES;
				CLANG_WARN_OBJC_LITERAL_CONVERSION = YES;
				CLANG_WARN_OBJC_ROOT_CLASS = YES_ERROR;
				CLANG_WARN_QUOTED_INCLUDE_IN_FRAMEWORK_HEADER = YES;
				CLANG_WARN_RANGE_LOOP_ANALYSIS = YES;
				CLANG_WARN_STRICT_PROTOTYPES = YES;
				CLANG_WARN_SUSPICIOUS_MOVE = YES;
				CLANG_WARN_UNGUARDED_AVAILABILITY = YES_AGGRESSIVE;
				CLANG_WARN_UNREACHABLE_CODE = YES;
				CLANG_WARN__DUPLICATE_METHOD_MATCH = YES;
				COPY_PHASE_STRIP = NO;
				DEBUG_INFORMATION_FORMAT = "dwarf-with-dsym";
				ENABLE_NS_ASSERTIONS = NO;
				ENABLE_STRICT_OBJC_MSGSEND = YES;
				GCC_C_LANGUAGE_STANDARD = gnu11;
				GCC_NO_COMMON_BLOCKS = YES;
				GCC_WARN_64_TO_32_BIT_CONVERSION = YES;
				GCC_WARN_ABOUT_RETURN_TYPE = YES_ERROR;
				GCC_WARN_UNDECLARED_SELECTOR = YES;
				GCC_WARN_UNINITIALIZED_AUTOS = YES_AGGRESSIVE;
				GCC_WARN_UNUSED_FUNCTION = YES;
				GCC_WARN_UNUSED_VARIABLE = YES;
				MACOSX_DEPLOYMENT_TARGET = 12.0;
				MTL_ENABLE_DEBUG_INFO = NO;
				MTL_FAST_MATH = YES;
				SDKROOT = macosx;
				SWIFT_COMPILATION_MODE = wholemodule;
				SWIFT_OPTIMIZATION_LEVEL = "-O";
			};
			name = Release;
		};
		0576FE132800707300478783 /* Debug */ = {
			isa = XCBuildConfiguration;
			buildSettings = {
				ASSETCATALOG_COMPILER_APPICON_NAME = AppIcon;
				ASSETCATALOG_COMPILER_GLOBAL_ACCENT_COLOR_NAME = AccentColor;
				ASSETCATALOG_COMPILER_INCLUDE_ALL_APPICON_ASSETS = NO;
				CODE_SIGN_ENTITLEMENTS = CliX/CliX.entitlements;
				CODE_SIGN_STYLE = Automatic;
				COMBINE_HIDPI_IMAGES = YES;
				CURRENT_PROJECT_VERSION = 1;
				DEVELOPMENT_ASSET_PATHS = "\"CliX/Preview Content\"";
				DEVELOPMENT_TEAM = FNMU26U9KZ;
				ENABLE_HARDENED_RUNTIME = YES;
				ENABLE_PREVIEWS = YES;
				GENERATE_INFOPLIST_FILE = YES;
				INFOPLIST_KEY_LSApplicationCategoryType = "public.app-category.developer-tools";
				INFOPLIST_KEY_NSHumanReadableCopyright = "";
				INFOPLIST_KEY_NSMainNibFile = Main;
				LD_RUNPATH_SEARCH_PATHS = (
					"$(inherited)",
					"@executable_path/../Frameworks",
				);
				MACOSX_DEPLOYMENT_TARGET = 13.0;
				MARKETING_VERSION = 1.0;
				PRODUCT_BUNDLE_IDENTIFIER = com.maksim.CliX;
				PRODUCT_NAME = "$(TARGET_NAME)";
				SWIFT_EMIT_LOC_STRINGS = YES;
				SWIFT_VERSION = 5.0;
			};
			name = Debug;
		};
		0576FE142800707300478783 /* Release */ = {
			isa = XCBuildConfiguration;
			buildSettings = {
				ASSETCATALOG_COMPILER_APPICON_NAME = AppIcon;
				ASSETCATALOG_COMPILER_GLOBAL_ACCENT_COLOR_NAME = AccentColor;
				ASSETCATALOG_COMPILER_INCLUDE_ALL_APPICON_ASSETS = NO;
				CODE_SIGN_ENTITLEMENTS = CliX/CliX.entitlements;
				CODE_SIGN_STYLE = Automatic;
				COMBINE_HIDPI_IMAGES = YES;
				CURRENT_PROJECT_VERSION = 1;
				DEVELOPMENT_ASSET_PATHS = "\"CliX/Preview Content\"";
				DEVELOPMENT_TEAM = FNMU26U9KZ;
				ENABLE_HARDENED_RUNTIME = YES;
				ENABLE_PREVIEWS = YES;
				GENERATE_INFOPLIST_FILE = YES;
				INFOPLIST_KEY_LSApplicationCategoryType = "public.app-category.developer-tools";
				INFOPLIST_KEY_NSHumanReadableCopyright = "";
				INFOPLIST_KEY_NSMainNibFile = Main;
				LD_RUNPATH_SEARCH_PATHS = (
					"$(inherited)",
					"@executable_path/../Frameworks",
				);
				MACOSX_DEPLOYMENT_TARGET = 13.0;
				MARKETING_VERSION = 1.0;
				PRODUCT_BUNDLE_IDENTIFIER = com.maksim.CliX;
				PRODUCT_NAME = "$(TARGET_NAME)";
				SWIFT_EMIT_LOC_STRINGS = YES;
				SWIFT_VERSION = 5.0;
			};
			name = Release;
		};
/* End XCBuildConfiguration section */

/* Begin XCConfigurationList section */
		0576FDFE2800707200478783 /* Build configuration list for PBXProject "CliX" */ = {
			isa = XCConfigurationList;
			buildConfigurations = (
				0576FE102800707300478783 /* Debug */,
				0576FE112800707300478783 /* Release */,
			);
			defaultConfigurationIsVisible = 0;
			defaultConfigurationName = Debug;
		};
		0576FE122800707300478783 /* Build configuration list for PBXNativeTarget "CliX" */ = {
			isa = XCConfigurationList;
			buildConfigurations = (
				0576FE132800707300478783 /* Debug */,
				0576FE142800707300478783 /* Release */,
			);
			defaultConfigurationIsVisible = 0;
			defaultConfigurationName = Debug;
		};
/* End XCConfigurationList section */

/* Begin XCRemoteSwiftPackageReference section */
		056BC66B2836C76400EB0A84 /* XCRemoteSwiftPackageReference "DiagramKit" */ = {
			isa = XCRemoteSwiftPackageReference;
			repositoryURL = "https://github.com/Evengrdn/DiagramKit";
			requirement = {
				branch = main;
				kind = branch;
			};
		};
		F4CB3B092AC4CB580048CA65 /* XCRemoteSwiftPackageReference "SkeletonUI" */ = {
			isa = XCRemoteSwiftPackageReference;
			repositoryURL = "https://github.com/CSolanaM/SkeletonUI";
			requirement = {
				kind = upToNextMajorVersion;
				minimumVersion = 2.0.0;
			};
		};
/* End XCRemoteSwiftPackageReference section */

/* Begin XCSwiftPackageProductDependency section */
		056BC66C2836C76400EB0A84 /* DiagramKit */ = {
			isa = XCSwiftPackageProductDependency;
			package = 056BC66B2836C76400EB0A84 /* XCRemoteSwiftPackageReference "DiagramKit" */;
			productName = DiagramKit;
		};
		F4CB3B0A2AC4CB580048CA65 /* SkeletonUI */ = {
			isa = XCSwiftPackageProductDependency;
			package = F4CB3B092AC4CB580048CA65 /* XCRemoteSwiftPackageReference "SkeletonUI" */;
			productName = SkeletonUI;
		};
/* End XCSwiftPackageProductDependency section */
	};
	rootObject = 0576FDFB2800707200478783 /* Project object */;
}
